{
  "version": 4,
  "terraform_version": "1.7.4",
  "serial": 6,
  "lineage": "a0ef8ed1-a95d-97a7-8f65-4dfa8576f3b4",
  "outputs": {},
  "resources": [
    {
      "mode": "managed",
      "type": "azurerm_resource_group",
      "name": "appgrp",
      "provider": "provider[\"registry.terraform.io/hashicorp/azurerm\"]",
      "instances": [
        {
          "schema_version": 0,
          "attributes": {
            "id": "/subscriptions/26700515-2a20-462f-910b-6075ca860b58/resourceGroups/app-grp",
            "location": "northeurope",
            "managed_by": "",
            "name": "app-grp",
            "tags": {},
            "timeouts": null
          },
          "sensitive_attributes": [],
          "private": "eyJlMmJmYjczMC1lY2FhLTExZTYtOGY4OC0zNDM2M2JjN2M0YzAiOnsiY3JlYXRlIjo1NDAwMDAwMDAwMDAwLCJkZWxldGUiOjU0MDAwMDAwMDAwMDAsInJlYWQiOjMwMDAwMDAwMDAwMCwidXBkYXRlIjo1NDAwMDAwMDAwMDAwfX0="
        }
      ]
    },
    {
      "mode": "managed",
      "type": "azurerm_service_plan",
      "name": "companyplan",
      "provider": "provider[\"registry.terraform.io/hashicorp/azurerm\"]",
      "instances": [
        {
          "schema_version": 1,
          "attributes": {
            "app_service_environment_id": "",
            "id": "/subscriptions/26700515-2a20-462f-910b-6075ca860b58/resourceGroups/app-grp/providers/Microsoft.Web/serverFarms/companyplan",
            "kind": "app",
            "location": "northeurope",
            "maximum_elastic_worker_count": 1,
            "name": "companyplan",
            "os_type": "Windows",
            "per_site_scaling_enabled": false,
            "reserved": false,
            "resource_group_name": "app-grp",
            "sku_name": "B1",
            "tags": {},
            "timeouts": null,
            "worker_count": 1,
            "zone_balancing_enabled": false
          },
          "sensitive_attributes": [],
          "private": "eyJlMmJmYjczMC1lY2FhLTExZTYtOGY4OC0zNDM2M2JjN2M0YzAiOnsiY3JlYXRlIjozNjAwMDAwMDAwMDAwLCJkZWxldGUiOjM2MDAwMDAwMDAwMDAsInJlYWQiOjMwMDAwMDAwMDAwMCwidXBkYXRlIjozNjAwMDAwMDAwMDAwfSwic2NoZW1hX3ZlcnNpb24iOiIxIn0=",
          "dependencies": [
            "azurerm_resource_group.appgrp"
          ]
        }
      ]
    },
    {
      "mode": "managed",
      "type": "azurerm_windows_web_app",
      "name": "companyappn1000",
      "provider": "provider[\"registry.terraform.io/hashicorp/azurerm\"]",
      "instances": [
        {
          "schema_version": 1,
          "attributes": {
            "app_settings": null,
            "auth_settings": [],
            "auth_settings_v2": [],
            "backup": [],
            "client_affinity_enabled": false,
            "client_certificate_enabled": false,
            "client_certificate_exclusion_paths": "",
            "client_certificate_mode": "Required",
            "connection_string": [],
            "custom_domain_verification_id": "6C9990CD2B6D8EEE58126D6EAD7689731A45E17237A46EEECD9E90E8486EE00B",
            "default_hostname": "companyappn1000.azurewebsites.net",
            "enabled": true,
            "ftp_publish_basic_authentication_enabled": true,
            "hosting_environment_id": "",
            "https_only": false,
            "id": "/subscriptions/26700515-2a20-462f-910b-6075ca860b58/resourceGroups/app-grp/providers/Microsoft.Web/sites/companyappn1000",
            "identity": [],
            "key_vault_reference_identity_id": "SystemAssigned",
            "kind": "app",
            "location": "northeurope",
            "logs": [],
            "name": "companyappn1000",
            "outbound_ip_address_list": [
              "20.223.21.8",
              "20.223.21.156",
              "20.223.21.159",
              "20.223.21.168",
              "20.223.21.165",
              "20.223.21.183",
              "20.223.20.154",
              "20.223.22.5",
              "20.223.22.8",
              "20.223.22.10",
              "20.223.21.59",
              "20.223.21.177",
              "20.223.22.27",
              "20.223.22.28",
              "20.67.137.95",
              "20.67.141.100",
              "20.67.142.38",
              "20.67.142.112",
              "20.107.224.38"
            ],
            "outbound_ip_addresses": "20.223.21.8,20.223.21.156,20.223.21.159,20.223.21.168,20.223.21.165,20.223.21.183,20.223.20.154,20.223.22.5,20.223.22.8,20.223.22.10,20.223.21.59,20.223.21.177,20.223.22.27,20.223.22.28,20.67.137.95,20.67.141.100,20.67.142.38,20.67.142.112,20.107.224.38",
            "possible_outbound_ip_address_list": [
              "20.223.21.8",
              "20.223.21.156",
              "20.223.21.159",
              "20.223.21.168",
              "20.223.21.165",
              "20.223.21.183",
              "20.223.20.154",
              "20.223.22.5",
              "20.223.22.8",
              "20.223.22.10",
              "20.223.21.59",
              "20.223.21.177",
              "20.223.22.27",
              "20.223.22.28",
              "20.67.137.95",
              "20.67.141.100",
              "20.67.142.38",
              "20.67.142.112",
              "20.223.21.185",
              "20.223.21.188",
              "20.223.21.199",
              "20.223.21.202",
              "20.223.21.205",
              "20.223.21.219",
              "20.223.21.224",
              "20.223.21.227",
              "20.223.21.229",
              "20.223.21.231",
              "20.223.21.232",
              "20.223.21.151",
              "20.223.21.239",
              "20.223.21.240",
              "20.223.21.242",
              "20.223.21.244",
              "20.223.21.250",
              "20.223.22.2",
              "20.223.20.154",
              "20.223.22.5",
              "20.223.22.8",
              "20.223.22.10",
              "20.223.21.59",
              "20.223.21.177",
              "20.223.22.27",
              "20.223.22.28",
              "20.67.137.95",
              "20.67.141.100",
              "20.67.142.38",
              "20.67.142.112",
              "20.105.9.225",
              "20.105.12.103",
              "20.105.12.234",
              "20.105.14.0",
              "20.105.14.112",
              "20.105.14.139",
              "20.107.224.38"
            ],
            "possible_outbound_ip_addresses": "20.223.21.8,20.223.21.156,20.223.21.159,20.223.21.168,20.223.21.165,20.223.21.183,20.223.20.154,20.223.22.5,20.223.22.8,20.223.22.10,20.223.21.59,20.223.21.177,20.223.22.27,20.223.22.28,20.67.137.95,20.67.141.100,20.67.142.38,20.67.142.112,20.223.21.185,20.223.21.188,20.223.21.199,20.223.21.202,20.223.21.205,20.223.21.219,20.223.21.224,20.223.21.227,20.223.21.229,20.223.21.231,20.223.21.232,20.223.21.151,20.223.21.239,20.223.21.240,20.223.21.242,20.223.21.244,20.223.21.250,20.223.22.2,20.223.20.154,20.223.22.5,20.223.22.8,20.223.22.10,20.223.21.59,20.223.21.177,20.223.22.27,20.223.22.28,20.67.137.95,20.67.141.100,20.67.142.38,20.67.142.112,20.105.9.225,20.105.12.103,20.105.12.234,20.105.14.0,20.105.14.112,20.105.14.139,20.107.224.38",
            "public_network_access_enabled": true,
            "resource_group_name": "app-grp",
            "service_plan_id": "/subscriptions/26700515-2a20-462f-910b-6075ca860b58/resourceGroups/app-grp/providers/Microsoft.Web/serverFarms/companyplan",
            "site_config": [
              {
                "always_on": true,
                "api_definition_url": "",
                "api_management_api_id": "",
                "app_command_line": "",
                "application_stack": [
                  {
                    "current_stack": "dotnet",
                    "docker_container_name": "",
                    "docker_container_registry": "",
                    "docker_container_tag": "",
                    "docker_image_name": "",
                    "docker_registry_password": "",
                    "docker_registry_url": "",
                    "docker_registry_username": "",
                    "dotnet_core_version": "",
                    "dotnet_version": "v6.0",
                    "java_container": "",
                    "java_container_version": "",
                    "java_embedded_server_enabled": false,
                    "java_version": "",
                    "node_version": "",
                    "php_version": "5.6",
                    "python": false,
                    "python_version": "",
                    "tomcat_version": ""
                  }
                ],
                "auto_heal_enabled": false,
                "auto_heal_setting": [],
                "container_registry_managed_identity_client_id": "",
                "container_registry_use_managed_identity": false,
                "cors": [],
                "default_documents": [
                  "Default.htm",
                  "Default.html",
                  "Default.asp",
                  "index.htm",
                  "index.html",
                  "iisstart.htm",
                  "default.aspx",
                  "index.php",
                  "hostingstart.html"
                ],
                "detailed_error_logging_enabled": false,
                "ftps_state": "Disabled",
                "health_check_eviction_time_in_min": 0,
                "health_check_path": "",
                "http2_enabled": false,
                "ip_restriction": [],
                "linux_fx_version": "",
                "load_balancing_mode": "LeastRequests",
                "local_mysql_enabled": false,
                "managed_pipeline_mode": "Integrated",
                "minimum_tls_version": "1.2",
                "remote_debugging_enabled": false,
                "remote_debugging_version": "VS2019",
                "scm_ip_restriction": [],
                "scm_minimum_tls_version": "1.2",
                "scm_type": "None",
                "scm_use_main_ip_restriction": false,
                "use_32_bit_worker": true,
                "virtual_application": [],
                "vnet_route_all_enabled": false,
                "websockets_enabled": false,
                "windows_fx_version": "",
                "worker_count": 1
              }
            ],
            "site_credential": [
              {
                "name": "$companyappn1000",
                "password": "35jaYfSjyQA09vJc6yQfMPlZXtftJHe0zgcHm5t1a5cEQnGGSBdWujJ3wBxq"
              }
            ],
            "sticky_settings": [],
            "storage_account": [],
            "tags": null,
            "timeouts": null,
            "virtual_network_subnet_id": "",
            "webdeploy_publish_basic_authentication_enabled": true,
            "zip_deploy_file": ""
          },
          "sensitive_attributes": [],
          "private": "eyJlMmJmYjczMC1lY2FhLTExZTYtOGY4OC0zNDM2M2JjN2M0YzAiOnsiY3JlYXRlIjoxODAwMDAwMDAwMDAwLCJkZWxldGUiOjE4MDAwMDAwMDAwMDAsInJlYWQiOjMwMDAwMDAwMDAwMCwidXBkYXRlIjoxODAwMDAwMDAwMDAwfSwic2NoZW1hX3ZlcnNpb24iOiIxIn0=",
          "dependencies": [
            "azurerm_resource_group.appgrp",
            "azurerm_service_plan.companyplan"
          ]
        }
      ]
    }
  ],
  "check_results": null
}
